{
  "version": 4,
  "terraform_version": "0.13.2",
  "serial": 3,
  "lineage": "73d71499-144d-9ba0-1ca9-c186406055ec",
  "outputs": {},
  "resources": [
    {
      "mode": "managed",
      "type": "google_compute_firewall",
      "name": "default",
      "provider": "provider[\"registry.terraform.io/hashicorp/google\"]",
      "instances": [
        {
          "schema_version": 1,
          "attributes": {
            "allow": [
              {
                "ports": [
                  "80"
                ],
                "protocol": "tcp"
              },
              {
                "ports": [],
                "protocol": "icmp"
              }
            ],
            "creation_timestamp": "2020-09-12T23:46:23.103-07:00",
            "deny": [],
            "description": "",
            "destination_ranges": [],
            "direction": "INGRESS",
            "disabled": false,
            "enable_logging": null,
            "id": "projects/psychic-yew-275515/global/firewalls/mediawiki-firewall",
            "log_config": [],
            "name": "mediawiki-firewall",
            "network": "https://www.googleapis.com/compute/v1/projects/psychic-yew-275515/global/networks/default",
            "priority": 1000,
            "project": "psychic-yew-275515",
            "self_link": "https://www.googleapis.com/compute/v1/projects/psychic-yew-275515/global/firewalls/mediawiki-firewall",
            "source_ranges": [
              "0.0.0.0/0"
            ],
            "source_service_accounts": null,
            "source_tags": [
              "web"
            ],
            "target_service_accounts": null,
            "target_tags": null,
            "timeouts": null
          },
          "private": "eyJlMmJmYjczMC1lY2FhLTExZTYtOGY4OC0zNDM2M2JjN2M0YzAiOnsiY3JlYXRlIjoyNDAwMDAwMDAwMDAsImRlbGV0ZSI6MjQwMDAwMDAwMDAwLCJ1cGRhdGUiOjI0MDAwMDAwMDAwMH0sInNjaGVtYV92ZXJzaW9uIjoiMSJ9"
        }
      ]
    }
  ]
}
