{
  "version": 4,
  "terraform_version": "0.13.2",
  "serial": 5,
  "lineage": "73d71499-144d-9ba0-1ca9-c186406055ec",
  "outputs": {
    "ip": {
      "value": "35.227.50.250",
      "type": "string"
    }
  },
  "resources": [
    {
      "mode": "managed",
      "type": "google_compute_firewall",
      "name": "default",
      "provider": "provider[\"registry.terraform.io/hashicorp/google\"]",
      "instances": [
        {
          "schema_version": 1,
          "attributes": {
            "allow": [
              {
                "ports": [
                  "80"
                ],
                "protocol": "tcp"
              },
              {
                "ports": [],
                "protocol": "icmp"
              }
            ],
            "creation_timestamp": "2020-09-12T23:46:23.103-07:00",
            "deny": [],
            "description": "",
            "destination_ranges": [],
            "direction": "INGRESS",
            "disabled": false,
            "enable_logging": null,
            "id": "projects/psychic-yew-275515/global/firewalls/mediawiki-firewall",
            "log_config": [],
            "name": "mediawiki-firewall",
            "network": "https://www.googleapis.com/compute/v1/projects/psychic-yew-275515/global/networks/default",
            "priority": 1000,
            "project": "psychic-yew-275515",
            "self_link": "https://www.googleapis.com/compute/v1/projects/psychic-yew-275515/global/firewalls/mediawiki-firewall",
            "source_ranges": [
              "0.0.0.0/0"
            ],
            "source_service_accounts": [],
            "source_tags": [
              "web"
            ],
            "target_service_accounts": [],
            "target_tags": [],
            "timeouts": null
          },
          "private": "eyJlMmJmYjczMC1lY2FhLTExZTYtOGY4OC0zNDM2M2JjN2M0YzAiOnsiY3JlYXRlIjoyNDAwMDAwMDAwMDAsImRlbGV0ZSI6MjQwMDAwMDAwMDAwLCJ1cGRhdGUiOjI0MDAwMDAwMDAwMH0sInNjaGVtYV92ZXJzaW9uIjoiMSJ9"
        }
      ]
    },
    {
      "mode": "managed",
      "type": "google_compute_instance",
      "name": "vm_instance",
      "provider": "provider[\"registry.terraform.io/hashicorp/google\"]",
      "instances": [
        {
          "schema_version": 6,
          "attributes": {
            "allow_stopping_for_update": null,
            "attached_disk": [],
            "boot_disk": [
              {
                "auto_delete": true,
                "device_name": "persistent-disk-0",
                "disk_encryption_key_raw": "",
                "disk_encryption_key_sha256": "",
                "initialize_params": [
                  {
                    "image": "https://www.googleapis.com/compute/v1/projects/centos-cloud/global/images/centos-7-v20200910",
                    "labels": {},
                    "size": 20,
                    "type": "pd-standard"
                  }
                ],
                "kms_key_self_link": "",
                "mode": "READ_WRITE",
                "source": "https://www.googleapis.com/compute/v1/projects/psychic-yew-275515/zones/us-east1-b/disks/mediawiki-vm"
              }
            ],
            "can_ip_forward": false,
            "cpu_platform": "Intel Haswell",
            "current_status": "RUNNING",
            "deletion_protection": false,
            "description": "",
            "desired_status": null,
            "enable_display": false,
            "guest_accelerator": [],
            "hostname": "",
            "id": "projects/psychic-yew-275515/zones/us-east1-b/instances/mediawiki-vm",
            "instance_id": "2547395158986489433",
            "label_fingerprint": "42WmSpB8rSM=",
            "labels": null,
            "machine_type": "f1-micro",
            "metadata": {
              "ssh-keys": "arrthi:ssh-rsa AAAAB3NzaC1yc2EAAAADAQABAAABAQDhljvVReguhlts0BRGJ/pHnKXM5SEmtSgWpZ07xo7IzyudIbgGzFIY7p8c0R+LAlCCwIE82hcJ9jg0OdduMGSztjiE7GzJTlbQ86kQLfvx2Gt/UoQPUkNEirOTxHi9b+08qCjSt7gY4D9SME4EDieFLSzyEzqHDKhxT6sXOJhHYAdQ/qNk/2AkXsZggoDXE3qdOdvpZTqba2w9meLFb43Qi00bn/xPR5+yCMyJmdVYkh4t0KP36knc7UcQojW8HUQ+oz1XTCTFJTVa8UZg2fua1bUljHHi2748vEav13aJM4ZPip/NQMbv36HyWm+EQm6+A7o0ny8hq+shn1ioHdY/ arrthi\n"
            },
            "metadata_fingerprint": "mKOztXlM3YY=",
            "metadata_startup_script": "",
            "min_cpu_platform": "",
            "name": "mediawiki-vm",
            "network_interface": [
              {
                "access_config": [
                  {
                    "nat_ip": "35.227.50.250",
                    "network_tier": "PREMIUM",
                    "public_ptr_domain_name": ""
                  }
                ],
                "alias_ip_range": [],
                "name": "nic0",
                "network": "https://www.googleapis.com/compute/v1/projects/psychic-yew-275515/global/networks/default",
                "network_ip": "10.142.0.2",
                "subnetwork": "https://www.googleapis.com/compute/v1/projects/psychic-yew-275515/regions/us-east1/subnetworks/default",
                "subnetwork_project": "psychic-yew-275515"
              }
            ],
            "project": "psychic-yew-275515",
            "resource_policies": null,
            "scheduling": [
              {
                "automatic_restart": true,
                "node_affinities": [],
                "on_host_maintenance": "MIGRATE",
                "preemptible": false
              }
            ],
            "scratch_disk": [],
            "self_link": "https://www.googleapis.com/compute/v1/projects/psychic-yew-275515/zones/us-east1-b/instances/mediawiki-vm",
            "service_account": [],
            "shielded_instance_config": [
              {
                "enable_integrity_monitoring": true,
                "enable_secure_boot": false,
                "enable_vtpm": true
              }
            ],
            "tags": null,
            "tags_fingerprint": "42WmSpB8rSM=",
            "timeouts": null,
            "zone": "us-east1-b"
          },
          "private": "eyJlMmJmYjczMC1lY2FhLTExZTYtOGY4OC0zNDM2M2JjN2M0YzAiOnsiY3JlYXRlIjoxMjAwMDAwMDAwMDAwLCJkZWxldGUiOjEyMDAwMDAwMDAwMDAsInVwZGF0ZSI6MTIwMDAwMDAwMDAwMH0sInNjaGVtYV92ZXJzaW9uIjoiNiJ9"
        }
      ]
    }
  ]
}
